PODS:
  - SDWebImage (5.18.10):
    - SDWebImage/Core (= 5.18.10)
  - SDWebImage/Core (5.18.10)

DEPENDENCIES:
  - SDWebImage (~> 5.0)

SPEC REPOS:
  trunk:
    - SDWebImage

SPEC CHECKSUMS:
  SDWebImage: fc8f2d48bbfd72ef39d70e981bd24a3f3be53fec

PODFILE CHECKSUM: f76dfa0179d8c4e9cff8bbf5db4a3479ff5ad77a

COCOAPODS: 1.8.4
