// !$*UTF8*$!
{
	archiveVersion = 1;
	classes = {
	};
	objectVersion = 56;
	objects = {

/* Begin PBXBuildFile section */
		E2338F232B4A7D9800D2021F /* AppDelegate.m in Sources */ = {isa = PBXBuildFile; fileRef = E2338F222B4A7D9800D2021F /* AppDelegate.m */; };
		E2338F262B4A7D9800D2021F /* SceneDelegate.m in Sources */ = {isa = PBXBuildFile; fileRef = E2338F252B4A7D9800D2021F /* SceneDelegate.m */; };
		E2338F292B4A7D9800D2021F /* ViewController.m in Sources */ = {isa = PBXBuildFile; fileRef = E2338F282B4A7D9800D2021F /* ViewController.m */; };
		E2338F2C2B4A7D9800D2021F /* Main.storyboard in Resources */ = {isa = PBXBuildFile; fileRef = E2338F2A2B4A7D9800D2021F /* Main.storyboard */; };
		E2338F2E2B4A7D9900D2021F /* Assets.xcassets in Resources */ = {isa = PBXBuildFile; fileRef = E2338F2D2B4A7D9900D2021F /* Assets.xcassets */; };
		E2338F312B4A7D9900D2021F /* LaunchScreen.storyboard in Resources */ = {isa = PBXBuildFile; fileRef = E2338F2F2B4A7D9900D2021F /* LaunchScreen.storyboard */; };
		E2338F342B4A7D9900D2021F /* main.m in Sources */ = {isa = PBXBuildFile; fileRef = E2338F332B4A7D9900D2021F /* main.m */; };
		E2BF545A2B518BC00020CBD7 /* Pods_RealDemo.framework in Frameworks */ = {isa = PBXBuildFile; fileRef = 65869A5DEACFD7B499A8A532 /* Pods_RealDemo.framework */; };
		E2BF545B2B518BC00020CBD7 /* Pods_RealDemo.framework in Embed Frameworks */ = {isa = PBXBuildFile; fileRef = 65869A5DEACFD7B499A8A532 /* Pods_RealDemo.framework */; settings = {ATTRIBUTES = (CodeSignOnCopy, RemoveHeadersOnCopy, ); }; };
/* End PBXBuildFile section */

/* Begin PBXCopyFilesBuildPhase section */
		E29256182B5188C900D792B7 /* Embed Frameworks */ = {
			isa = PBXCopyFilesBuildPhase;
			buildActionMask = 2147483647;
			dstPath = "";
			dstSubfolderSpec = 10;
			files = (
				E2BF545B2B518BC00020CBD7 /* Pods_RealDemo.framework in Embed Frameworks */,
			);
			name = "Embed Frameworks";
			runOnlyForDeploymentPostprocessing = 0;
		};
/* End PBXCopyFilesBuildPhase section */

/* Begin PBXFileReference section */
		07CE4D2C5767677BB15B1101 /* Pods-RealDemo.debug.xcconfig */ = {isa = PBXFileReference; includeInIndex = 1; lastKnownFileType = text.xcconfig; name = "Pods-RealDemo.debug.xcconfig"; path = "Target Support Files/Pods-RealDemo/Pods-RealDemo.debug.xcconfig"; sourceTree = "<group>"; };
		0FE2CD7E0A01B1913E77CA6F /* Pods-RealDemo.release.xcconfig */ = {isa = PBXFileReference; includeInIndex = 1; lastKnownFileType = text.xcconfig; name = "Pods-RealDemo.release.xcconfig"; path = "Target Support Files/Pods-RealDemo/Pods-RealDemo.release.xcconfig"; sourceTree = "<group>"; };
		65869A5DEACFD7B499A8A532 /* Pods_RealDemo.framework */ = {isa = PBXFileReference; explicitFileType = wrapper.framework; includeInIndex = 0; path = Pods_RealDemo.framework; sourceTree = BUILT_PRODUCTS_DIR; };
		E2338F1E2B4A7D9800D2021F /* RealDemo.app */ = {isa = PBXFileReference; explicitFileType = wrapper.application; includeInIndex = 0; path = RealDemo.app; sourceTree = BUILT_PRODUCTS_DIR; };
		E2338F212B4A7D9800D2021F /* AppDelegate.h */ = {isa = PBXFileReference; lastKnownFileType = sourcecode.c.h; path = AppDelegate.h; sourceTree = "<group>"; };
		E2338F222B4A7D9800D2021F /* AppDelegate.m */ = {isa = PBXFileReference; lastKnownFileType = sourcecode.c.objc; path = AppDelegate.m; sourceTree = "<group>"; };
		E2338F242B4A7D9800D2021F /* SceneDelegate.h */ = {isa = PBXFileReference; lastKnownFileType = sourcecode.c.h; path = SceneDelegate.h; sourceTree = "<group>"; };
		E2338F252B4A7D9800D2021F /* SceneDelegate.m */ = {isa = PBXFileReference; lastKnownFileType = sourcecode.c.objc; path = SceneDelegate.m; sourceTree = "<group>"; };
		E2338F272B4A7D9800D2021F /* ViewController.h */ = {isa = PBXFileReference; lastKnownFileType = sourcecode.c.h; path = ViewController.h; sourceTree = "<group>"; };
		E2338F282B4A7D9800D2021F /* ViewController.m */ = {isa = PBXFileReference; lastKnownFileType = sourcecode.c.objc; path = ViewController.m; sourceTree = "<group>"; };
		E2338F2B2B4A7D9800D2021F /* Base */ = {isa = PBXFileReference; lastKnownFileType = file.storyboard; name = Base; path = Base.lproj/Main.storyboard; sourceTree = "<group>"; };
		E2338F2D2B4A7D9900D2021F /* Assets.xcassets */ = {isa = PBXFileReference; lastKnownFileType = folder.assetcatalog; path = Assets.xcassets; sourceTree = "<group>"; };
		E2338F302B4A7D9900D2021F /* Base */ = {isa = PBXFileReference; lastKnownFileType = file.storyboard; name = Base; path = Base.lproj/LaunchScreen.storyboard; sourceTree = "<group>"; };
		E2338F322B4A7D9900D2021F /* Info.plist */ = {isa = PBXFileReference; lastKnownFileType = text.plist.xml; path = Info.plist; sourceTree = "<group>"; };
		E2338F332B4A7D9900D2021F /* main.m */ = {isa = PBXFileReference; lastKnownFileType = sourcecode.c.objc; path = main.m; sourceTree = "<group>"; };
		E2466AA12B52372300FD6F2D /* RealSDK.framework */ = {isa = PBXFileReference; explicitFileType = wrapper.framework; path = RealSDK.framework; sourceTree = BUILT_PRODUCTS_DIR; };
/* End PBXFileReference section */

/* Begin PBXFrameworksBuildPhase section */
		E2338F1B2B4A7D9800D2021F /* Frameworks */ = {
			isa = PBXFrameworksBuildPhase;
			buildActionMask = 2147483647;
			files = (
				E2BF545A2B518BC00020CBD7 /* Pods_RealDemo.framework in Frameworks */,
			);
			runOnlyForDeploymentPostprocessing = 0;
		};
/* End PBXFrameworksBuildPhase section */

/* Begin PBXGroup section */
		709D085CE6E019433F5FD5FD /* Frameworks */ = {
			isa = PBXGroup;
			children = (
				E2466AA12B52372300FD6F2D /* RealSDK.framework */,
				65869A5DEACFD7B499A8A532 /* Pods_RealDemo.framework */,
			);
			name = Frameworks;
			sourceTree = "<group>";
		};
		E2338F152B4A7D9700D2021F = {
			isa = PBXGroup;
			children = (
				E2338F202B4A7D9800D2021F /* RealDemo */,
				E2338F1F2B4A7D9800D2021F /* Products */,
				FEF8B17460EA7D0E6E604C6A /* Pods */,
				709D085CE6E019433F5FD5FD /* Frameworks */,
			);
			sourceTree = "<group>";
		};
		E2338F1F2B4A7D9800D2021F /* Products */ = {
			isa = PBXGroup;
			children = (
				E2338F1E2B4A7D9800D2021F /* RealDemo.app */,
			);
			name = Products;
			sourceTree = "<group>";
		};
		E2338F202B4A7D9800D2021F /* RealDemo */ = {
			isa = PBXGroup;
			children = (
				E2338F212B4A7D9800D2021F /* AppDelegate.h */,
				E2338F222B4A7D9800D2021F /* AppDelegate.m */,
				E2338F242B4A7D9800D2021F /* SceneDelegate.h */,
				E2338F252B4A7D9800D2021F /* SceneDelegate.m */,
				E2338F272B4A7D9800D2021F /* ViewController.h */,
				E2338F282B4A7D9800D2021F /* ViewController.m */,
				E2338F2A2B4A7D9800D2021F /* Main.storyboard */,
				E2338F2D2B4A7D9900D2021F /* Assets.xcassets */,
				E2338F2F2B4A7D9900D2021F /* LaunchScreen.storyboard */,
				E2338F322B4A7D9900D2021F /* Info.plist */,
				E2338F332B4A7D9900D2021F /* main.m */,
			);
			path = RealDemo;
			sourceTree = "<group>";
		};
		FEF8B17460EA7D0E6E604C6A /* Pods */ = {
			isa = PBXGroup;
			children = (
				07CE4D2C5767677BB15B1101 /* Pods-RealDemo.debug.xcconfig */,
				0FE2CD7E0A01B1913E77CA6F /* Pods-RealDemo.release.xcconfig */,
			);
			path = Pods;
			sourceTree = "<group>";
		};
/* End PBXGroup section */

/* Begin PBXNativeTarget section */
		E2338F1D2B4A7D9800D2021F /* RealDemo */ = {
			isa = PBXNativeTarget;
			buildConfigurationList = E2338F372B4A7D9900D2021F /* Build configuration list for PBXNativeTarget "RealDemo" */;
			buildPhases = (
				FFBCDA3F5C881BC3687DD231 /* [CP] Check Pods Manifest.lock */,
				E2338F1A2B4A7D9800D2021F /* Sources */,
				E2338F1B2B4A7D9800D2021F /* Frameworks */,
				E2338F1C2B4A7D9800D2021F /* Resources */,
				E29256182B5188C900D792B7 /* Embed Frameworks */,
				AE05CBCF806107E59B2A1891 /* [CP] Embed Pods Frameworks */,
			);
			buildRules = (
			);
			dependencies = (
			);
			name = RealDemo;
			productName = RealDemo;
			productReference = E2338F1E2B4A7D9800D2021F /* RealDemo.app */;
			productType = "com.apple.product-type.application";
		};
/* End PBXNativeTarget section */

/* Begin PBXProject section */
		E2338F162B4A7D9700D2021F /* Project object */ = {
			isa = PBXProject;
			attributes = {
				BuildIndependentTargetsInParallel = 1;
				LastUpgradeCheck = 1510;
				TargetAttributes = {
					E2338F1D2B4A7D9800D2021F = {
						CreatedOnToolsVersion = 15.1;
					};
				};
			};
			buildConfigurationList = E2338F192B4A7D9700D2021F /* Build configuration list for PBXProject "RealDemo" */;
			compatibilityVersion = "Xcode 14.0";
			developmentRegion = en;
			hasScannedForEncodings = 0;
			knownRegions = (
				en,
				Base,
			);
			mainGroup = E2338F152B4A7D9700D2021F;
			productRefGroup = E2338F1F2B4A7D9800D2021F /* Products */;
			projectDirPath = "";
			projectRoot = "";
			targets = (
				E2338F1D2B4A7D9800D2021F /* RealDemo */,
			);
		};
/* End PBXProject section */

/* Begin PBXResourcesBuildPhase section */
		E2338F1C2B4A7D9800D2021F /* Resources */ = {
			isa = PBXResourcesBuildPhase;
			buildActionMask = 2147483647;
			files = (
				E2338F312B4A7D9900D2021F /* LaunchScreen.storyboard in Resources */,
				E2338F2E2B4A7D9900D2021F /* Assets.xcassets in Resources */,
				E2338F2C2B4A7D9800D2021F /* Main.storyboard in Resources */,
			);
			runOnlyForDeploymentPostprocessing = 0;
		};
/* End PBXResourcesBuildPhase section */

/* Begin PBXShellScriptBuildPhase section */
		AE05CBCF806107E59B2A1891 /* [CP] Embed Pods Frameworks */ = {
			isa = PBXShellScriptBuildPhase;
			buildActionMask = 2147483647;
			files = (
			);
			inputFileListPaths = (
				"${PODS_ROOT}/Target Support Files/Pods-RealDemo/Pods-RealDemo-frameworks-${CONFIGURATION}-input-files.xcfilelist",
			);
			name = "[CP] Embed Pods Frameworks";
			outputFileListPaths = (
				"${PODS_ROOT}/Target Support Files/Pods-RealDemo/Pods-RealDemo-frameworks-${CONFIGURATION}-output-files.xcfilelist",
			);
			runOnlyForDeploymentPostprocessing = 0;
			shellPath = /bin/sh;
			shellScript = "\"${PODS_ROOT}/Target Support Files/Pods-RealDemo/Pods-RealDemo-frameworks.sh\"\n";
			showEnvVarsInLog = 0;
		};
		FFBCDA3F5C881BC3687DD231 /* [CP] Check Pods Manifest.lock */ = {
			isa = PBXShellScriptBuildPhase;
			buildActionMask = 2147483647;
			files = (
			);
			inputFileListPaths = (
			);
			inputPaths = (
				"${PODS_PODFILE_DIR_PATH}/Podfile.lock",
				"${PODS_ROOT}/Manifest.lock",
			);
			name = "[CP] Check Pods Manifest.lock";
			outputFileListPaths = (
			);
			outputPaths = (
				"$(DERIVED_FILE_DIR)/Pods-RealDemo-checkManifestLockResult.txt",
			);
			runOnlyForDeploymentPostprocessing = 0;
			shellPath = /bin/sh;
			shellScript = "diff \"${PODS_PODFILE_DIR_PATH}/Podfile.lock\" \"${PODS_ROOT}/Manifest.lock\" > /dev/null\nif [ $? != 0 ] ; then\n    # print error to STDERR\n    echo \"error: The sandbox is not in sync with the Podfile.lock. Run 'pod install' or update your CocoaPods installation.\" >&2\n    exit 1\nfi\n# This output is used by Xcode 'outputs' to avoid re-running this script phase.\necho \"SUCCESS\" > \"${SCRIPT_OUTPUT_FILE_0}\"\n";
			showEnvVarsInLog = 0;
		};
/* End PBXShellScriptBuildPhase section */

/* Begin PBXSourcesBuildPhase section */
		E2338F1A2B4A7D9800D2021F /* Sources */ = {
			isa = PBXSourcesBuildPhase;
			buildActionMask = 2147483647;
			files = (
				E2338F292B4A7D9800D2021F /* ViewController.m in Sources */,
				E2338F232B4A7D9800D2021F /* AppDelegate.m in Sources */,
				E2338F342B4A7D9900D2021F /* main.m in Sources */,
				E2338F262B4A7D9800D2021F /* SceneDelegate.m in Sources */,
			);
			runOnlyForDeploymentPostprocessing = 0;
		};
/* End PBXSourcesBuildPhase section */

/* Begin PBXVariantGroup section */
		E2338F2A2B4A7D9800D2021F /* Main.storyboard */ = {
			isa = PBXVariantGroup;
			children = (
				E2338F2B2B4A7D9800D2021F /* Base */,
			);
			name = Main.storyboard;
			sourceTree = "<group>";
		};
		E2338F2F2B4A7D9900D2021F /* LaunchScreen.storyboard */ = {
			isa = PBXVariantGroup;
			children = (
				E2338F302B4A7D9900D2021F /* Base */,
			);
			name = LaunchScreen.storyboard;
			sourceTree = "<group>";
		};
/* End PBXVariantGroup section */

/* Begin XCBuildConfiguration section */
		E2338F352B4A7D9900D2021F /* Debug */ = {
			isa = XCBuildConfiguration;
			buildSettings = {
				ALWAYS_SEARCH_USER_PATHS = NO;
				ASSETCATALOG_COMPILER_GENERATE_SWIFT_ASSET_SYMBOL_EXTENSIONS = YES;
				CLANG_ANALYZER_NONNULL = YES;
				CLANG_ANALYZER_NUMBER_OBJECT_CONVERSION = YES_AGGRESSIVE;
				CLANG_CXX_LANGUAGE_STANDARD = "gnu++20";
				CLANG_ENABLE_MODULES = YES;
				CLANG_ENABLE_OBJC_ARC = YES;
				CLANG_ENABLE_OBJC_WEAK = YES;
				CLANG_WARN_BLOCK_CAPTURE_AUTORELEASING = YES;
				CLANG_WARN_BOOL_CONVERSION = YES;
				CLANG_WARN_COMMA = YES;
				CLANG_WARN_CONSTANT_CONVERSION = YES;
				CLANG_WARN_DEPRECATED_OBJC_IMPLEMENTATIONS = YES;
				CLANG_WARN_DIRECT_OBJC_ISA_USAGE = YES_ERROR;
				CLANG_WARN_DOCUMENTATION_COMMENTS = YES;
				CLANG_WARN_EMPTY_BODY = YES;
				CLANG_WARN_ENUM_CONVERSION = YES;
				CLANG_WARN_INFINITE_RECURSION = YES;
				CLANG_WARN_INT_CONVERSION = YES;
				CLANG_WARN_NON_LITERAL_NULL_CONVERSION = YES;
				CLANG_WARN_OBJC_IMPLICIT_RETAIN_SELF = YES;
				CLANG_WARN_OBJC_LITERAL_CONVERSION = YES;
				CLANG_WARN_OBJC_ROOT_CLASS = YES_ERROR;
				CLANG_WARN_QUOTED_INCLUDE_IN_FRAMEWORK_HEADER = YES;
				CLANG_WARN_RANGE_LOOP_ANALYSIS = YES;
				CLANG_WARN_STRICT_PROTOTYPES = YES;
				CLANG_WARN_SUSPICIOUS_MOVE = YES;
				CLANG_WARN_UNGUARDED_AVAILABILITY = YES_AGGRESSIVE;
				CLANG_WARN_UNREACHABLE_CODE = YES;
				CLANG_WARN__DUPLICATE_METHOD_MATCH = YES;
				COPY_PHASE_STRIP = NO;
				DEBUG_INFORMATION_FORMAT = dwarf;
				ENABLE_STRICT_OBJC_MSGSEND = YES;
				ENABLE_TESTABILITY = YES;
				ENABLE_USER_SCRIPT_SANDBOXING = YES;
				GCC_C_LANGUAGE_STANDARD = gnu17;
				GCC_DYNAMIC_NO_PIC = NO;
				GCC_NO_COMMON_BLOCKS = YES;
				GCC_OPTIMIZATION_LEVEL = 0;
				GCC_PREPROCESSOR_DEFINITIONS = (
					"DEBUG=1",
					"$(inherited)",
				);
				GCC_WARN_64_TO_32_BIT_CONVERSION = YES;
				GCC_WARN_ABOUT_RETURN_TYPE = YES_ERROR;
				GCC_WARN_UNDECLARED_SELECTOR = YES;
				GCC_WARN_UNINITIALIZED_AUTOS = YES_AGGRESSIVE;
				GCC_WARN_UNUSED_FUNCTION = YES;
				GCC_WARN_UNUSED_VARIABLE = YES;
				IPHONEOS_DEPLOYMENT_TARGET = 17.2;
				LOCALIZATION_PREFERS_STRING_CATALOGS = YES;
				MTL_ENABLE_DEBUG_INFO = INCLUDE_SOURCE;
				MTL_FAST_MATH = YES;
				ONLY_ACTIVE_ARCH = YES;
				SDKROOT = iphoneos;
			};
			name = Debug;
		};
		E2338F362B4A7D9900D2021F /* Release */ = {
			isa = XCBuildConfiguration;
			buildSettings = {
				ALWAYS_SEARCH_USER_PATHS = NO;
				ASSETCATALOG_COMPILER_GENERATE_SWIFT_ASSET_SYMBOL_EXTENSIONS = YES;
				CLANG_ANALYZER_NONNULL = YES;
				CLANG_ANALYZER_NUMBER_OBJECT_CONVERSION = YES_AGGRESSIVE;
				CLANG_CXX_LANGUAGE_STANDARD = "gnu++20";
				CLANG_ENABLE_MODULES = YES;
				CLANG_ENABLE_OBJC_ARC = YES;
				CLANG_ENABLE_OBJC_WEAK = YES;
				CLANG_WARN_BLOCK_CAPTURE_AUTORELEASING = YES;
				CLANG_WARN_BOOL_CONVERSION = YES;
				CLANG_WARN_COMMA = YES;
				CLANG_WARN_CONSTANT_CONVERSION = YES;
				CLANG_WARN_DEPRECATED_OBJC_IMPLEMENTATIONS = YES;
				CLANG_WARN_DIRECT_OBJC_ISA_USAGE = YES_ERROR;
				CLANG_WARN_DOCUMENTATION_COMMENTS = YES;
				CLANG_WARN_EMPTY_BODY = YES;
				CLANG_WARN_ENUM_CONVERSION = YES;
				CLANG_WARN_INFINITE_RECURSION = YES;
				CLANG_WARN_INT_CONVERSION = YES;
				CLANG_WARN_NON_LITERAL_NULL_CONVERSION = YES;
				CLANG_WARN_OBJC_IMPLICIT_RETAIN_SELF = YES;
				CLANG_WARN_OBJC_LITERAL_CONVERSION = YES;
				CLANG_WARN_OBJC_ROOT_CLASS = YES_ERROR;
				CLANG_WARN_QUOTED_INCLUDE_IN_FRAMEWORK_HEADER = YES;
				CLANG_WARN_RANGE_LOOP_ANALYSIS = YES;
				CLANG_WARN_STRICT_PROTOTYPES = YES;
				CLANG_WARN_SUSPICIOUS_MOVE = YES;
				CLANG_WARN_UNGUARDED_AVAILABILITY = YES_AGGRESSIVE;
				CLANG_WARN_UNREACHABLE_CODE = YES;
				CLANG_WARN__DUPLICATE_METHOD_MATCH = YES;
				COPY_PHASE_STRIP = NO;
				DEBUG_INFORMATION_FORMAT = "dwarf-with-dsym";
				ENABLE_NS_ASSERTIONS = NO;
				ENABLE_STRICT_OBJC_MSGSEND = YES;
				ENABLE_USER_SCRIPT_SANDBOXING = YES;
				GCC_C_LANGUAGE_STANDARD = gnu17;
				GCC_NO_COMMON_BLOCKS = YES;
				GCC_WARN_64_TO_32_BIT_CONVERSION = YES;
				GCC_WARN_ABOUT_RETURN_TYPE = YES_ERROR;
				GCC_WARN_UNDECLARED_SELECTOR = YES;
				GCC_WARN_UNINITIALIZED_AUTOS = YES_AGGRESSIVE;
				GCC_WARN_UNUSED_FUNCTION = YES;
				GCC_WARN_UNUSED_VARIABLE = YES;
				IPHONEOS_DEPLOYMENT_TARGET = 17.2;
				LOCALIZATION_PREFERS_STRING_CATALOGS = YES;
				MTL_ENABLE_DEBUG_INFO = NO;
				MTL_FAST_MATH = YES;
				SDKROOT = iphoneos;
				VALIDATE_PRODUCT = YES;
			};
			name = Release;
		};
		E2338F382B4A7D9900D2021F /* Debug */ = {
			isa = XCBuildConfiguration;
			baseConfigurationReference = 07CE4D2C5767677BB15B1101 /* Pods-RealDemo.debug.xcconfig */;
			buildSettings = {
				ASSETCATALOG_COMPILER_APPICON_NAME = AppIcon;
				ASSETCATALOG_COMPILER_GLOBAL_ACCENT_COLOR_NAME = AccentColor;
				CODE_SIGN_STYLE = Automatic;
				CURRENT_PROJECT_VERSION = 1;
				ENABLE_USER_SCRIPT_SANDBOXING = NO;
				GENERATE_INFOPLIST_FILE = YES;
				INFOPLIST_FILE = RealDemo/Info.plist;
				INFOPLIST_KEY_UIApplicationSupportsIndirectInputEvents = YES;
				INFOPLIST_KEY_UILaunchStoryboardName = LaunchScreen;
				INFOPLIST_KEY_UIMainStoryboardFile = Main;
				INFOPLIST_KEY_UISupportedInterfaceOrientations_iPad = "UIInterfaceOrientationPortrait UIInterfaceOrientationPortraitUpsideDown UIInterfaceOrientationLandscapeLeft UIInterfaceOrientationLandscapeRight";
				INFOPLIST_KEY_UISupportedInterfaceOrientations_iPhone = "UIInterfaceOrientationPortrait UIInterfaceOrientationLandscapeLeft UIInterfaceOrientationLandscapeRight";
				LD_RUNPATH_SEARCH_PATHS = (
					"$(inherited)",
					"@executable_path/Frameworks",
				);
				MARKETING_VERSION = 1.0;
				PRODUCT_BUNDLE_IDENTIFIER = com.lucaswangdev.RealDemo;
				PRODUCT_NAME = "$(TARGET_NAME)";
				SWIFT_EMIT_LOC_STRINGS = YES;
				TARGETED_DEVICE_FAMILY = "1,2";
			};
			name = Debug;
		};
		E2338F392B4A7D9900D2021F /* Release */ = {
			isa = XCBuildConfiguration;
			baseConfigurationReference = 0FE2CD7E0A01B1913E77CA6F /* Pods-RealDemo.release.xcconfig */;
			buildSettings = {
				ASSETCATALOG_COMPILER_APPICON_NAME = AppIcon;
				ASSETCATALOG_COMPILER_GLOBAL_ACCENT_COLOR_NAME = AccentColor;
				CODE_SIGN_STYLE = Automatic;
				CURRENT_PROJECT_VERSION = 1;
				ENABLE_USER_SCRIPT_SANDBOXING = NO;
				GENERATE_INFOPLIST_FILE = YES;
				INFOPLIST_FILE = RealDemo/Info.plist;
				INFOPLIST_KEY_UIApplicationSupportsIndirectInputEvents = YES;
				INFOPLIST_KEY_UILaunchStoryboardName = LaunchScreen;
				INFOPLIST_KEY_UIMainStoryboardFile = Main;
				INFOPLIST_KEY_UISupportedInterfaceOrientations_iPad = "UIInterfaceOrientationPortrait UIInterfaceOrientationPortraitUpsideDown UIInterfaceOrientationLandscapeLeft UIInterfaceOrientationLandscapeRight";
				INFOPLIST_KEY_UISupportedInterfaceOrientations_iPhone = "UIInterfaceOrientationPortrait UIInterfaceOrientationLandscapeLeft UIInterfaceOrientationLandscapeRight";
				LD_RUNPATH_SEARCH_PATHS = (
					"$(inherited)",
					"@executable_path/Frameworks",
				);
				MARKETING_VERSION = 1.0;
				PRODUCT_BUNDLE_IDENTIFIER = com.lucaswangdev.RealDemo;
				PRODUCT_NAME = "$(TARGET_NAME)";
				SWIFT_EMIT_LOC_STRINGS = YES;
				TARGETED_DEVICE_FAMILY = "1,2";
			};
			name = Release;
		};
/* End XCBuildConfiguration section */

/* Begin XCConfigurationList section */
		E2338F192B4A7D9700D2021F /* Build configuration list for PBXProject "RealDemo" */ = {
			isa = XCConfigurationList;
			buildConfigurations = (
				E2338F352B4A7D9900D2021F /* Debug */,
				E2338F362B4A7D9900D2021F /* Release */,
			);
			defaultConfigurationIsVisible = 0;
			defaultConfigurationName = Release;
		};
		E2338F372B4A7D9900D2021F /* Build configuration list for PBXNativeTarget "RealDemo" */ = {
			isa = XCConfigurationList;
			buildConfigurations = (
				E2338F382B4A7D9900D2021F /* Debug */,
				E2338F392B4A7D9900D2021F /* Release */,
			);
			defaultConfigurationIsVisible = 0;
			defaultConfigurationName = Release;
		};
/* End XCConfigurationList section */
	};
	rootObject = E2338F162B4A7D9700D2021F /* Project object */;
}
