// !$*UTF8*$!
{
	archiveVersion = 1;
	classes = {
	};
	objectVersion = 56;
	objects = {

/* Begin PBXBuildFile section */
		E2338EE32B4A732500D2021F /* RealSDK.h in Headers */ = {isa = PBXBuildFile; fileRef = E2338EE22B4A732500D2021F /* RealSDK.h */; settings = {ATTRIBUTES = (Public, ); }; };
		E2338F3E2B4ADF8700D2021F /* RealDog.h in Headers */ = {isa = PBXBuildFile; fileRef = E2338F3D2B4ADF8700D2021F /* RealDog.h */; settings = {ATTRIBUTES = (Public, ); }; };
		E2338F422B4AE0B200D2021F /* RealDog.m in Sources */ = {isa = PBXBuildFile; fileRef = E2338F412B4AE0B200D2021F /* RealDog.m */; };
		E2338F4A2B4AE9F700D2021F /* RealAd.m in Sources */ = {isa = PBXBuildFile; fileRef = E2338F492B4AE9F700D2021F /* RealAd.m */; };
		E2338F4B2B4AEA0100D2021F /* RealAd.h in Headers */ = {isa = PBXBuildFile; fileRef = E2338F482B4AE9EB00D2021F /* RealAd.h */; settings = {ATTRIBUTES = (Public, ); }; };
		E2338F572B4AF07800D2021F /* RealAdViewController.h in Headers */ = {isa = PBXBuildFile; fileRef = E2338F562B4AF07500D2021F /* RealAdViewController.h */; settings = {ATTRIBUTES = (Public, ); }; };
		E2338F592B4AF08700D2021F /* RealAdViewController.m in Sources */ = {isa = PBXBuildFile; fileRef = E2338F582B4AF08700D2021F /* RealAdViewController.m */; };
		E2338F5B2B4B02A600D2021F /* RealAdDelegate.h in Headers */ = {isa = PBXBuildFile; fileRef = E2338F5A2B4B02A300D2021F /* RealAdDelegate.h */; settings = {ATTRIBUTES = (Public, ); }; };
		E2466AA32B5238AE00FD6F2D /* Pods_RealSDK.framework in Frameworks */ = {isa = PBXBuildFile; fileRef = BFD400FF4793E4488C2C64D9 /* Pods_RealSDK.framework */; };
		E2466AA42B5238AE00FD6F2D /* Pods_RealSDK.framework in Embed Frameworks */ = {isa = PBXBuildFile; fileRef = BFD400FF4793E4488C2C64D9 /* Pods_RealSDK.framework */; settings = {ATTRIBUTES = (CodeSignOnCopy, RemoveHeadersOnCopy, ); }; };
		E2F00B7B2B4ED4000020F146 /* PopupView.m in Sources */ = {isa = PBXBuildFile; fileRef = E2F00B792B4ED4000020F146 /* PopupView.m */; };
		E2F00B7C2B4ED4C30020F146 /* PopupView.h in Headers */ = {isa = PBXBuildFile; fileRef = E2F00B7A2B4ED4000020F146 /* PopupView.h */; settings = {ATTRIBUTES = (Public, ); }; };
/* End PBXBuildFile section */

/* Begin PBXCopyFilesBuildPhase section */
		E2466AA52B5238AF00FD6F2D /* Embed Frameworks */ = {
			isa = PBXCopyFilesBuildPhase;
			buildActionMask = 2147483647;
			dstPath = "";
			dstSubfolderSpec = 10;
			files = (
				E2466AA42B5238AE00FD6F2D /* Pods_RealSDK.framework in Embed Frameworks */,
			);
			name = "Embed Frameworks";
			runOnlyForDeploymentPostprocessing = 0;
		};
/* End PBXCopyFilesBuildPhase section */

/* Begin PBXFileReference section */
		2D9CF16CDBE48E1E382FC804 /* Pods-RealSDK.release.xcconfig */ = {isa = PBXFileReference; includeInIndex = 1; lastKnownFileType = text.xcconfig; name = "Pods-RealSDK.release.xcconfig"; path = "Target Support Files/Pods-RealSDK/Pods-RealSDK.release.xcconfig"; sourceTree = "<group>"; };
		A528D53A5ADCEF61C2EFBC4A /* Pods-RealSDK.debug.xcconfig */ = {isa = PBXFileReference; includeInIndex = 1; lastKnownFileType = text.xcconfig; name = "Pods-RealSDK.debug.xcconfig"; path = "Target Support Files/Pods-RealSDK/Pods-RealSDK.debug.xcconfig"; sourceTree = "<group>"; };
		BFD400FF4793E4488C2C64D9 /* Pods_RealSDK.framework */ = {isa = PBXFileReference; explicitFileType = wrapper.framework; includeInIndex = 0; path = Pods_RealSDK.framework; sourceTree = BUILT_PRODUCTS_DIR; };
		E2338EDF2B4A732500D2021F /* RealSDK.framework */ = {isa = PBXFileReference; explicitFileType = wrapper.framework; includeInIndex = 0; path = RealSDK.framework; sourceTree = BUILT_PRODUCTS_DIR; };
		E2338EE22B4A732500D2021F /* RealSDK.h */ = {isa = PBXFileReference; lastKnownFileType = sourcecode.c.h; path = RealSDK.h; sourceTree = "<group>"; };
		E2338F3D2B4ADF8700D2021F /* RealDog.h */ = {isa = PBXFileReference; lastKnownFileType = sourcecode.c.h; path = RealDog.h; sourceTree = "<group>"; };
		E2338F412B4AE0B200D2021F /* RealDog.m */ = {isa = PBXFileReference; lastKnownFileType = sourcecode.c.objc; path = RealDog.m; sourceTree = "<group>"; };
		E2338F482B4AE9EB00D2021F /* RealAd.h */ = {isa = PBXFileReference; lastKnownFileType = sourcecode.c.h; path = RealAd.h; sourceTree = "<group>"; };
		E2338F492B4AE9F700D2021F /* RealAd.m */ = {isa = PBXFileReference; lastKnownFileType = sourcecode.c.objc; path = RealAd.m; sourceTree = "<group>"; };
		E2338F562B4AF07500D2021F /* RealAdViewController.h */ = {isa = PBXFileReference; lastKnownFileType = sourcecode.c.h; path = RealAdViewController.h; sourceTree = "<group>"; };
		E2338F582B4AF08700D2021F /* RealAdViewController.m */ = {isa = PBXFileReference; lastKnownFileType = sourcecode.c.objc; path = RealAdViewController.m; sourceTree = "<group>"; };
		E2338F5A2B4B02A300D2021F /* RealAdDelegate.h */ = {isa = PBXFileReference; lastKnownFileType = sourcecode.c.h; path = RealAdDelegate.h; sourceTree = "<group>"; };
		E2F00B792B4ED4000020F146 /* PopupView.m */ = {isa = PBXFileReference; lastKnownFileType = sourcecode.c.objc; path = PopupView.m; sourceTree = "<group>"; };
		E2F00B7A2B4ED4000020F146 /* PopupView.h */ = {isa = PBXFileReference; lastKnownFileType = sourcecode.c.h; path = PopupView.h; sourceTree = "<group>"; };
/* End PBXFileReference section */

/* Begin PBXFrameworksBuildPhase section */
		E2338EDC2B4A732500D2021F /* Frameworks */ = {
			isa = PBXFrameworksBuildPhase;
			buildActionMask = 2147483647;
			files = (
				E2466AA32B5238AE00FD6F2D /* Pods_RealSDK.framework in Frameworks */,
			);
			runOnlyForDeploymentPostprocessing = 0;
		};
/* End PBXFrameworksBuildPhase section */

/* Begin PBXGroup section */
		61B9BCFFE3FD7B355BFBE9FF /* Pods */ = {
			isa = PBXGroup;
			children = (
				A528D53A5ADCEF61C2EFBC4A /* Pods-RealSDK.debug.xcconfig */,
				2D9CF16CDBE48E1E382FC804 /* Pods-RealSDK.release.xcconfig */,
			);
			path = Pods;
			sourceTree = "<group>";
		};
		90A875772AFB99BE76AA1357 /* Frameworks */ = {
			isa = PBXGroup;
			children = (
				BFD400FF4793E4488C2C64D9 /* Pods_RealSDK.framework */,
			);
			name = Frameworks;
			sourceTree = "<group>";
		};
		E2338ED52B4A732500D2021F = {
			isa = PBXGroup;
			children = (
				E2338EE12B4A732500D2021F /* RealSDK */,
				E2338EE02B4A732500D2021F /* Products */,
				61B9BCFFE3FD7B355BFBE9FF /* Pods */,
				90A875772AFB99BE76AA1357 /* Frameworks */,
			);
			sourceTree = "<group>";
		};
		E2338EE02B4A732500D2021F /* Products */ = {
			isa = PBXGroup;
			children = (
				E2338EDF2B4A732500D2021F /* RealSDK.framework */,
			);
			name = Products;
			sourceTree = "<group>";
		};
		E2338EE12B4A732500D2021F /* RealSDK */ = {
			isa = PBXGroup;
			children = (
				E2338EE22B4A732500D2021F /* RealSDK.h */,
				E2338F3D2B4ADF8700D2021F /* RealDog.h */,
				E2338F412B4AE0B200D2021F /* RealDog.m */,
				E2F00B7A2B4ED4000020F146 /* PopupView.h */,
				E2F00B792B4ED4000020F146 /* PopupView.m */,
				E2338F482B4AE9EB00D2021F /* RealAd.h */,
				E2338F492B4AE9F700D2021F /* RealAd.m */,
				E2338F562B4AF07500D2021F /* RealAdViewController.h */,
				E2338F582B4AF08700D2021F /* RealAdViewController.m */,
				E2338F5A2B4B02A300D2021F /* RealAdDelegate.h */,
			);
			path = RealSDK;
			sourceTree = "<group>";
		};
/* End PBXGroup section */

/* Begin PBXHeadersBuildPhase section */
		E2338EDA2B4A732500D2021F /* Headers */ = {
			isa = PBXHeadersBuildPhase;
			buildActionMask = 2147483647;
			files = (
				E2F00B7C2B4ED4C30020F146 /* PopupView.h in Headers */,
				E2338F572B4AF07800D2021F /* RealAdViewController.h in Headers */,
				E2338F5B2B4B02A600D2021F /* RealAdDelegate.h in Headers */,
				E2338EE32B4A732500D2021F /* RealSDK.h in Headers */,
				E2338F3E2B4ADF8700D2021F /* RealDog.h in Headers */,
				E2338F4B2B4AEA0100D2021F /* RealAd.h in Headers */,
			);
			runOnlyForDeploymentPostprocessing = 0;
		};
/* End PBXHeadersBuildPhase section */

/* Begin PBXNativeTarget section */
		E2338EDE2B4A732500D2021F /* RealSDK */ = {
			isa = PBXNativeTarget;
			buildConfigurationList = E2338EE62B4A732500D2021F /* Build configuration list for PBXNativeTarget "RealSDK" */;
			buildPhases = (
				11403FF8C5C499E7DFC30CCD /* [CP] Check Pods Manifest.lock */,
				E2338EDA2B4A732500D2021F /* Headers */,
				E2338EDB2B4A732500D2021F /* Sources */,
				E2338EDC2B4A732500D2021F /* Frameworks */,
				E2338EDD2B4A732500D2021F /* Resources */,
				E2466AA52B5238AF00FD6F2D /* Embed Frameworks */,
			);
			buildRules = (
			);
			dependencies = (
			);
			name = RealSDK;
			productName = RealSDK;
			productReference = E2338EDF2B4A732500D2021F /* RealSDK.framework */;
			productType = "com.apple.product-type.framework";
		};
/* End PBXNativeTarget section */

/* Begin PBXProject section */
		E2338ED62B4A732500D2021F /* Project object */ = {
			isa = PBXProject;
			attributes = {
				BuildIndependentTargetsInParallel = 1;
				LastUpgradeCheck = 1510;
				TargetAttributes = {
					E2338EDE2B4A732500D2021F = {
						CreatedOnToolsVersion = 15.1;
					};
				};
			};
			buildConfigurationList = E2338ED92B4A732500D2021F /* Build configuration list for PBXProject "RealSDK" */;
			compatibilityVersion = "Xcode 14.0";
			developmentRegion = en;
			hasScannedForEncodings = 0;
			knownRegions = (
				en,
				Base,
			);
			mainGroup = E2338ED52B4A732500D2021F;
			productRefGroup = E2338EE02B4A732500D2021F /* Products */;
			projectDirPath = "";
			projectRoot = "";
			targets = (
				E2338EDE2B4A732500D2021F /* RealSDK */,
			);
		};
/* End PBXProject section */

/* Begin PBXResourcesBuildPhase section */
		E2338EDD2B4A732500D2021F /* Resources */ = {
			isa = PBXResourcesBuildPhase;
			buildActionMask = 2147483647;
			files = (
			);
			runOnlyForDeploymentPostprocessing = 0;
		};
/* End PBXResourcesBuildPhase section */

/* Begin PBXShellScriptBuildPhase section */
		11403FF8C5C499E7DFC30CCD /* [CP] Check Pods Manifest.lock */ = {
			isa = PBXShellScriptBuildPhase;
			buildActionMask = 2147483647;
			files = (
			);
			inputFileListPaths = (
			);
			inputPaths = (
				"${PODS_PODFILE_DIR_PATH}/Podfile.lock",
				"${PODS_ROOT}/Manifest.lock",
			);
			name = "[CP] Check Pods Manifest.lock";
			outputFileListPaths = (
			);
			outputPaths = (
				"$(DERIVED_FILE_DIR)/Pods-RealSDK-checkManifestLockResult.txt",
			);
			runOnlyForDeploymentPostprocessing = 0;
			shellPath = /bin/sh;
			shellScript = "diff \"${PODS_PODFILE_DIR_PATH}/Podfile.lock\" \"${PODS_ROOT}/Manifest.lock\" > /dev/null\nif [ $? != 0 ] ; then\n    # print error to STDERR\n    echo \"error: The sandbox is not in sync with the Podfile.lock. Run 'pod install' or update your CocoaPods installation.\" >&2\n    exit 1\nfi\n# This output is used by Xcode 'outputs' to avoid re-running this script phase.\necho \"SUCCESS\" > \"${SCRIPT_OUTPUT_FILE_0}\"\n";
			showEnvVarsInLog = 0;
		};
/* End PBXShellScriptBuildPhase section */

/* Begin PBXSourcesBuildPhase section */
		E2338EDB2B4A732500D2021F /* Sources */ = {
			isa = PBXSourcesBuildPhase;
			buildActionMask = 2147483647;
			files = (
				E2338F4A2B4AE9F700D2021F /* RealAd.m in Sources */,
				E2F00B7B2B4ED4000020F146 /* PopupView.m in Sources */,
				E2338F422B4AE0B200D2021F /* RealDog.m in Sources */,
				E2338F592B4AF08700D2021F /* RealAdViewController.m in Sources */,
			);
			runOnlyForDeploymentPostprocessing = 0;
		};
/* End PBXSourcesBuildPhase section */

/* Begin XCBuildConfiguration section */
		E2338EE42B4A732500D2021F /* Debug */ = {
			isa = XCBuildConfiguration;
			buildSettings = {
				ALWAYS_SEARCH_USER_PATHS = NO;
				ASSETCATALOG_COMPILER_GENERATE_SWIFT_ASSET_SYMBOL_EXTENSIONS = YES;
				CLANG_ANALYZER_NONNULL = YES;
				CLANG_ANALYZER_NUMBER_OBJECT_CONVERSION = YES_AGGRESSIVE;
				CLANG_CXX_LANGUAGE_STANDARD = "gnu++20";
				CLANG_ENABLE_MODULES = YES;
				CLANG_ENABLE_OBJC_ARC = YES;
				CLANG_ENABLE_OBJC_WEAK = YES;
				CLANG_WARN_BLOCK_CAPTURE_AUTORELEASING = YES;
				CLANG_WARN_BOOL_CONVERSION = YES;
				CLANG_WARN_COMMA = YES;
				CLANG_WARN_CONSTANT_CONVERSION = YES;
				CLANG_WARN_DEPRECATED_OBJC_IMPLEMENTATIONS = YES;
				CLANG_WARN_DIRECT_OBJC_ISA_USAGE = YES_ERROR;
				CLANG_WARN_DOCUMENTATION_COMMENTS = YES;
				CLANG_WARN_EMPTY_BODY = YES;
				CLANG_WARN_ENUM_CONVERSION = YES;
				CLANG_WARN_INFINITE_RECURSION = YES;
				CLANG_WARN_INT_CONVERSION = YES;
				CLANG_WARN_NON_LITERAL_NULL_CONVERSION = YES;
				CLANG_WARN_OBJC_IMPLICIT_RETAIN_SELF = YES;
				CLANG_WARN_OBJC_LITERAL_CONVERSION = YES;
				CLANG_WARN_OBJC_ROOT_CLASS = YES_ERROR;
				CLANG_WARN_QUOTED_INCLUDE_IN_FRAMEWORK_HEADER = YES;
				CLANG_WARN_RANGE_LOOP_ANALYSIS = YES;
				CLANG_WARN_STRICT_PROTOTYPES = YES;
				CLANG_WARN_SUSPICIOUS_MOVE = YES;
				CLANG_WARN_UNGUARDED_AVAILABILITY = YES_AGGRESSIVE;
				CLANG_WARN_UNREACHABLE_CODE = YES;
				CLANG_WARN__DUPLICATE_METHOD_MATCH = YES;
				COPY_PHASE_STRIP = NO;
				CURRENT_PROJECT_VERSION = 1;
				DEBUG_INFORMATION_FORMAT = dwarf;
				ENABLE_STRICT_OBJC_MSGSEND = YES;
				ENABLE_TESTABILITY = YES;
				ENABLE_USER_SCRIPT_SANDBOXING = YES;
				GCC_C_LANGUAGE_STANDARD = gnu17;
				GCC_DYNAMIC_NO_PIC = NO;
				GCC_NO_COMMON_BLOCKS = YES;
				GCC_OPTIMIZATION_LEVEL = 0;
				GCC_PREPROCESSOR_DEFINITIONS = (
					"DEBUG=1",
					"$(inherited)",
				);
				GCC_WARN_64_TO_32_BIT_CONVERSION = YES;
				GCC_WARN_ABOUT_RETURN_TYPE = YES_ERROR;
				GCC_WARN_UNDECLARED_SELECTOR = YES;
				GCC_WARN_UNINITIALIZED_AUTOS = YES_AGGRESSIVE;
				GCC_WARN_UNUSED_FUNCTION = YES;
				GCC_WARN_UNUSED_VARIABLE = YES;
				IPHONEOS_DEPLOYMENT_TARGET = 17.2;
				LOCALIZATION_PREFERS_STRING_CATALOGS = YES;
				MTL_ENABLE_DEBUG_INFO = INCLUDE_SOURCE;
				MTL_FAST_MATH = YES;
				ONLY_ACTIVE_ARCH = YES;
				SDKROOT = iphoneos;
				VERSIONING_SYSTEM = "apple-generic";
				VERSION_INFO_PREFIX = "";
			};
			name = Debug;
		};
		E2338EE52B4A732500D2021F /* Release */ = {
			isa = XCBuildConfiguration;
			buildSettings = {
				ALWAYS_SEARCH_USER_PATHS = NO;
				ASSETCATALOG_COMPILER_GENERATE_SWIFT_ASSET_SYMBOL_EXTENSIONS = YES;
				CLANG_ANALYZER_NONNULL = YES;
				CLANG_ANALYZER_NUMBER_OBJECT_CONVERSION = YES_AGGRESSIVE;
				CLANG_CXX_LANGUAGE_STANDARD = "gnu++20";
				CLANG_ENABLE_MODULES = YES;
				CLANG_ENABLE_OBJC_ARC = YES;
				CLANG_ENABLE_OBJC_WEAK = YES;
				CLANG_WARN_BLOCK_CAPTURE_AUTORELEASING = YES;
				CLANG_WARN_BOOL_CONVERSION = YES;
				CLANG_WARN_COMMA = YES;
				CLANG_WARN_CONSTANT_CONVERSION = YES;
				CLANG_WARN_DEPRECATED_OBJC_IMPLEMENTATIONS = YES;
				CLANG_WARN_DIRECT_OBJC_ISA_USAGE = YES_ERROR;
				CLANG_WARN_DOCUMENTATION_COMMENTS = YES;
				CLANG_WARN_EMPTY_BODY = YES;
				CLANG_WARN_ENUM_CONVERSION = YES;
				CLANG_WARN_INFINITE_RECURSION = YES;
				CLANG_WARN_INT_CONVERSION = YES;
				CLANG_WARN_NON_LITERAL_NULL_CONVERSION = YES;
				CLANG_WARN_OBJC_IMPLICIT_RETAIN_SELF = YES;
				CLANG_WARN_OBJC_LITERAL_CONVERSION = YES;
				CLANG_WARN_OBJC_ROOT_CLASS = YES_ERROR;
				CLANG_WARN_QUOTED_INCLUDE_IN_FRAMEWORK_HEADER = YES;
				CLANG_WARN_RANGE_LOOP_ANALYSIS = YES;
				CLANG_WARN_STRICT_PROTOTYPES = YES;
				CLANG_WARN_SUSPICIOUS_MOVE = YES;
				CLANG_WARN_UNGUARDED_AVAILABILITY = YES_AGGRESSIVE;
				CLANG_WARN_UNREACHABLE_CODE = YES;
				CLANG_WARN__DUPLICATE_METHOD_MATCH = YES;
				COPY_PHASE_STRIP = NO;
				CURRENT_PROJECT_VERSION = 1;
				DEBUG_INFORMATION_FORMAT = "dwarf-with-dsym";
				ENABLE_NS_ASSERTIONS = NO;
				ENABLE_STRICT_OBJC_MSGSEND = YES;
				ENABLE_USER_SCRIPT_SANDBOXING = YES;
				GCC_C_LANGUAGE_STANDARD = gnu17;
				GCC_NO_COMMON_BLOCKS = YES;
				GCC_WARN_64_TO_32_BIT_CONVERSION = YES;
				GCC_WARN_ABOUT_RETURN_TYPE = YES_ERROR;
				GCC_WARN_UNDECLARED_SELECTOR = YES;
				GCC_WARN_UNINITIALIZED_AUTOS = YES_AGGRESSIVE;
				GCC_WARN_UNUSED_FUNCTION = YES;
				GCC_WARN_UNUSED_VARIABLE = YES;
				IPHONEOS_DEPLOYMENT_TARGET = 17.2;
				LOCALIZATION_PREFERS_STRING_CATALOGS = YES;
				MTL_ENABLE_DEBUG_INFO = NO;
				MTL_FAST_MATH = YES;
				SDKROOT = iphoneos;
				VALIDATE_PRODUCT = YES;
				VERSIONING_SYSTEM = "apple-generic";
				VERSION_INFO_PREFIX = "";
			};
			name = Release;
		};
		E2338EE72B4A732500D2021F /* Debug */ = {
			isa = XCBuildConfiguration;
			baseConfigurationReference = A528D53A5ADCEF61C2EFBC4A /* Pods-RealSDK.debug.xcconfig */;
			buildSettings = {
				CODE_SIGN_STYLE = Automatic;
				CURRENT_PROJECT_VERSION = 1;
				DEFINES_MODULE = YES;
				DYLIB_COMPATIBILITY_VERSION = 1;
				DYLIB_CURRENT_VERSION = 1;
				DYLIB_INSTALL_NAME_BASE = "@rpath";
				ENABLE_MODULE_VERIFIER = YES;
				GENERATE_INFOPLIST_FILE = YES;
				INFOPLIST_KEY_NSHumanReadableCopyright = "";
				INSTALL_PATH = "$(LOCAL_LIBRARY_DIR)/Frameworks";
				LD_RUNPATH_SEARCH_PATHS = (
					"$(inherited)",
					"@executable_path/Frameworks",
					"@loader_path/Frameworks",
				);
				MARKETING_VERSION = 1.0;
				MODULE_VERIFIER_SUPPORTED_LANGUAGES = "objective-c objective-c++";
				MODULE_VERIFIER_SUPPORTED_LANGUAGE_STANDARDS = "gnu17 gnu++20";
				PRODUCT_BUNDLE_IDENTIFIER = com.lucaswangdev.RealSDK;
				PRODUCT_NAME = "$(TARGET_NAME:c99extidentifier)";
				SKIP_INSTALL = YES;
				SWIFT_EMIT_LOC_STRINGS = YES;
				TARGETED_DEVICE_FAMILY = "1,2";
			};
			name = Debug;
		};
		E2338EE82B4A732500D2021F /* Release */ = {
			isa = XCBuildConfiguration;
			baseConfigurationReference = 2D9CF16CDBE48E1E382FC804 /* Pods-RealSDK.release.xcconfig */;
			buildSettings = {
				CODE_SIGN_STYLE = Automatic;
				CURRENT_PROJECT_VERSION = 1;
				DEFINES_MODULE = YES;
				DYLIB_COMPATIBILITY_VERSION = 1;
				DYLIB_CURRENT_VERSION = 1;
				DYLIB_INSTALL_NAME_BASE = "@rpath";
				ENABLE_MODULE_VERIFIER = YES;
				GENERATE_INFOPLIST_FILE = YES;
				INFOPLIST_KEY_NSHumanReadableCopyright = "";
				INSTALL_PATH = "$(LOCAL_LIBRARY_DIR)/Frameworks";
				LD_RUNPATH_SEARCH_PATHS = (
					"$(inherited)",
					"@executable_path/Frameworks",
					"@loader_path/Frameworks",
				);
				MARKETING_VERSION = 1.0;
				MODULE_VERIFIER_SUPPORTED_LANGUAGES = "objective-c objective-c++";
				MODULE_VERIFIER_SUPPORTED_LANGUAGE_STANDARDS = "gnu17 gnu++20";
				PRODUCT_BUNDLE_IDENTIFIER = com.lucaswangdev.RealSDK;
				PRODUCT_NAME = "$(TARGET_NAME:c99extidentifier)";
				SKIP_INSTALL = YES;
				SWIFT_EMIT_LOC_STRINGS = YES;
				TARGETED_DEVICE_FAMILY = "1,2";
			};
			name = Release;
		};
/* End XCBuildConfiguration section */

/* Begin XCConfigurationList section */
		E2338ED92B4A732500D2021F /* Build configuration list for PBXProject "RealSDK" */ = {
			isa = XCConfigurationList;
			buildConfigurations = (
				E2338EE42B4A732500D2021F /* Debug */,
				E2338EE52B4A732500D2021F /* Release */,
			);
			defaultConfigurationIsVisible = 0;
			defaultConfigurationName = Release;
		};
		E2338EE62B4A732500D2021F /* Build configuration list for PBXNativeTarget "RealSDK" */ = {
			isa = XCConfigurationList;
			buildConfigurations = (
				E2338EE72B4A732500D2021F /* Debug */,
				E2338EE82B4A732500D2021F /* Release */,
			);
			defaultConfigurationIsVisible = 0;
			defaultConfigurationName = Release;
		};
/* End XCConfigurationList section */
	};
	rootObject = E2338ED62B4A732500D2021F /* Project object */;
}
